{
  "name": "hermes-agent",
  "version": "1.0.0",
  "lockfileVersion": 3,
  "requires": true,
  "packages": {
    "": {
      "name": "hermes-agent",
      "version": "1.0.0",
      "hasInstallScript": true,
      "license": "MIT",
      "dependencies": {
        "agent-browser": "^0.26.0",
        "class-variance-authority": "^0.7.1",
        "clsx": "^2.1.1",
        "framer-motion": "^13.5.0",
        "lucide-react": "^1.49.0",
        "react-icons": "^5.7.0",
        "tailwind-merge": "^3.7.0"
      },
      "engines": {
        "node": ">=20.0.0"
      }
    },
    "node_modules/agent-browser": {
      "version": "0.26.0",
      "resolved": "https://registry.npmjs.org/agent-browser/-/agent-browser-0.26.0.tgz",
      "integrity": "sha512-pdqSfjwbFSp+qnwlb2g23e9wXveIOfMi19xpPA9xZUbzEAUp6W4YBZj6Ybj8z4M7WkcbGDDYc+oDIHDt9R3EDQ==",
      "hasInstallScript": true,
      "license": "Apache-2.0",
      "bin": {
        "agent-browser": "bin/agent-browser.js"
      }
    },
    "node_modules/class-variance-authority": {
      "version": "0.7.1",
      "resolved": "https://registry.npmjs.org/class-variance-authority/-/class-variance-authority-0.7.1.tgz",
      "integrity": "sha512-Ka+9Trutv7G8M6WT6SeiRWz792K5qEqIGEGzXKhAE6xOWAY6pPH8U+9IY3oCMv6kqTmLsv7Xh/2w2RigkePMsg==",
      "license": "Apache-2.0",
      "dependencies": {
        "clsx": "^2.1.1"
      },
      "funding": {
        "url": "https://polar.sh/cva"
      }
    },
    "node_modules/clsx": {
      "version": "2.1.1",
      "resolved": "https://registry.npmjs.org/clsx/-/clsx-2.1.1.tgz",
      "integrity": "sha512-eYm0QWBtUrBWZWG0d386OGAw16Z995PiOVo2B7bjWSbHedGl5e0ZWaq65kOGgUSNesEIDkB9ISbTg/JK9dhCZA==",
      "license": "MIT",
      "engines": {
        "node": ">=6"
      }
    },
    "node_modules/framer-motion": {
      "version": "13.5.0",
      "resolved": "https://registry.npmjs.org/framer-motion/-/framer-motion-13.5.0.tgz",
      "integrity": "sha512-5KDKvhGTKKEQPWl8xg2mZRC+pGsenooz9v+ar6BpoXcD1mae4wdhvjxLaK+3jvFbge0jk4C8JeIjIC8m98z7hg==",
      "license": "MIT",
      "dependencies": {
        "motion-dom": "^13.5.0",
        "motion-utils": "^13.5.0",
        "tslib": "^2.4.0"
      },
      "peerDependencies": {
        "react": "^18.0.0 || ^19.0.0",
        "react-dom": "^18.0.0 || ^19.0.0"
      },
      "peerDependenciesMeta": {
        "react": {
          "optional": true
        },
        "react-dom": {
          "optional": true
        }
      }
    },
    "node_modules/lucide-react": {
      "version": "1.49.0",
      "resolved": "https://registry.npmjs.org/lucide-react/-/lucide-react-1.49.0.tgz",
      "integrity": "sha512-ApfaNM4/7jBrVopqLJ84Jz8TMQ1Q1JeZ1PmKh25aeS3E1FTVcMkSh1bEQB7dfzdIrwXRP8p3z4AJjTIHHb5IIA==",
      "license": "ISC",
      "peerDependencies": {
        "@types/react": "*",
        "react": "^16.5.1 || ^17.0.0 || ^18.0.0 || ^19.0.0"
      },
      "peerDependenciesMeta": {
        "@types/react": {
          "optional": true
        }
      }
    },
    "node_modules/motion-dom": {
      "version": "13.5.0",
      "resolved": "https://registry.npmjs.org/motion-dom/-/motion-dom-13.5.0.tgz",
      "integrity": "sha512-mSdelbdqc1LDi3m7RkYgnMgdys0qSDsNFpdf0Hjyf8U5Ln0AcjSeApKD4Q4Er3sBPFDzdLehDj4SLgwBf39poQ==",
      "license": "MIT",
      "dependencies": {
        "motion-utils": "^13.5.0"
      }
    },
    "node_modules/motion-utils": {
      "version": "13.5.0",
      "resolved": "https://registry.npmjs.org/motion-utils/-/motion-utils-13.5.0.tgz",
      "integrity": "sha512-Hqe/sqjIKliPZg8sVjWAkdySDPJNIeKH+euVkDOG8ri3DUUU7ZjndmHsGqEPz2iHpiyVaV5I22iguCMHU2he+Q==",
      "license": "MIT"
    },
    "node_modules/react": {
      "version": "19.3.0",
      "resolved": "https://registry.npmjs.org/react/-/react-19.3.0.tgz",
      "integrity": "sha512-E8LUcbtBWt20bbl2YoHfx4ZDBdxVTfOKtCZn9cDSJ4l6/nuoApcpIBcj47t2wZoVX8g2ZHuMHbiShgCR1T5Sog==",
      "license": "MIT",
      "peer": true,
      "engines": {
        "node": ">=0.10.0"
      }
    },
    "node_modules/react-icons": {
      "version": "5.7.0",
      "resolved": "https://registry.npmjs.org/react-icons/-/react-icons-5.7.0.tgz",
      "integrity": "sha512-LBLy340Rzqy6+/yVhZKT3B/QpP1BZaesGqasf09HPOBzRarcDIFH0WwXlXQfE7q7ipxK4MSiC5DIBWURCny6fw==",
      "license": "MIT",
      "peerDependencies": {
        "react": "*"
      }
    },
    "node_modules/tailwind-merge": {
      "version": "3.7.0",
      "resolved": "https://registry.npmjs.org/tailwind-merge/-/tailwind-merge-3.7.0.tgz",
      "integrity": "sha512-XPPUyAc+cvspz3lHTcR/QgPfW2A0lv/xQNIjX3HGhLR+Nq2lHaLq5MtTesHn8GUr3W3DguT2KT5x3NVgRtYwmA==",
      "license": "MIT",
      "funding": {
        "type": "github",
        "url": "https://github.com/sponsors/dcastil"
      }
    },
    "node_modules/tslib": {
      "version": "2.8.1",
      "resolved": "https://registry.npmjs.org/tslib/-/tslib-2.8.1.tgz",
      "integrity": "sha512-oJFu94HQb+KVduSUQL7wnpmqnfmLsOA/nAh6b6EH0wCEoK0/mPeXU6c3wKDV83MkOuHPRHtSXKKU99IBazS/2w==",
      "license": "0BSD"
    }
  }
}
